{
  "name": "playground-examples",
  "lockfileVersion": 3,
  "requires": true,
  "packages": {
    "": {
      "name": "playground-examples",
      "devDependencies": {
        "@nutrient-sdk/viewer": "^1.9.1",
        "typescript": "5.9.2"
      }
    },
    "node_modules/@nutrient-sdk/viewer": {
      "version": "1.9.1",
      "resolved": "https://registry.npmjs.org/@nutrient-sdk/viewer/-/viewer-1.9.1.tgz",
      "integrity": "sha512-QODpcjobRvbwBlHwcFN3yKqmXgzr04zFKbqTyRfyYFwun1JiXwE4z5zhep0QSxQlavFJvnwz0aABZBz5/LrkNg==",
      "dev": true,
      "license": "SEE LICENSE IN https://www.nutrient.io/legal/Nutrient_SDK_User_Evaluation_Subscription_Agreement",
      "dependencies": {
        "@types/react": "^18.0.0"
      }
    },
    "node_modules/@types/prop-types": {
      "version": "15.7.15",
      "resolved": "https://registry.npmjs.org/@types/prop-types/-/prop-types-15.7.15.tgz",
      "integrity": "sha512-F6bEyamV9jKGAFBEmlQnesRPGOQqS2+Uwi0Em15xenOxHaf2hv6L8YCVn3rPdPJOiJfPiCnLIRyvwVaqMY3MIw==",
      "dev": true,
      "license": "MIT"
    },
    "node_modules/@types/react": {
      "version": "18.3.27",
      "resolved": "https://registry.npmjs.org/@types/react/-/react-18.3.27.tgz",
      "integrity": "sha512-cisd7gxkzjBKU2GgdYrTdtQx1SORymWyaAFhaxQPK9bYO9ot3Y5OikQRvY0VYQtvwjeQnizCINJAenh/V7MK2w==",
      "dev": true,
      "license": "MIT",
      "dependencies": {
        "@types/prop-types": "*",
        "csstype": "^3.2.2"
      }
    },
    "node_modules/csstype": {
      "version": "3.2.3",
      "resolved": "https://registry.npmjs.org/csstype/-/csstype-3.2.3.tgz",
      "integrity": "sha512-z1HGKcYy2xA8AGQfwrn0PAy+PB7X/GSj3UVJW9qKyn43xWa+gl5nXmU4qqLMRzWVLFC8KusUX8T/0kCiOYpAIQ==",
      "dev": true,
      "license": "MIT"
    },
    "node_modules/typescript": {
      "version": "5.9.2",
      "resolved": "https://registry.npmjs.org/typescript/-/typescript-5.9.2.tgz",
      "integrity": "sha512-CWBzXQrc/qOkhidw1OzBTQuYRbfyxDXJMVJ1XNwUHGROVmuaeiEm3OslpZ1RV96d7SKKjZKrSJu3+t/xlw3R9A==",
      "dev": true,
      "license": "Apache-2.0",
      "bin": {
        "tsc": "bin/tsc",
        "tsserver": "bin/tsserver"
      },
      "engines": {
        "node": ">=14.17"
      }
    }
  }
}
